
Microsoft Visual Studio Solution File, Format Version 12.00
Project("{FAE04EC0-301F-11D3-BF4B-00C04F79EFBC}") = "MbTilesManager3", "MbTilesManager3\MbTilesManager3.csproj", "{C638CA52-F287-4E4D-9FF3-97EFEEDB37DA}"
EndProject
Global
	GlobalSection(SolutionConfigurationPlatforms) = preSolution
		Debug|Any CPU = Debug|Any CPU
		Release|Any CPU = Release|Any CPU
	EndGlobalSection
	GlobalSection(ProjectConfigurationPlatforms) = postSolution
		{C638CA52-F287-4E4D-9FF3-97EFEEDB37DA}.Debug|Any CPU.ActiveCfg = Debug|Any CPU
		{C638CA52-F287-4E4D-9FF3-97EFEEDB37DA}.Debug|Any CPU.Build.0 = Debug|Any CPU
		{C638CA52-F287-4E4D-9FF3-97EFEEDB37DA}.Release|Any CPU.ActiveCfg = Release|Any CPU
		{C638CA52-F287-4E4D-9FF3-97EFEEDB37DA}.Release|Any CPU.Build.0 = Release|Any CPU
	EndGlobalSection
EndGlobal
